
Microsoft Visual Studio Solution File, Format Version 12.00
# Visual Studio Version 16
VisualStudioVersion = 16.0.34301.259
MinimumVisualStudioVersion = 10.0.40219.1
Project("{8BC9CEB8-8B4A-11D0-8D11-00A0C91BC942}") = "CUDA 11.1 Runtime1", "CUDA 11.1 Runtime1.vcxproj", "{5B54B9A8-1B75-49D1-9C30-F6BD4CABF5B8}"
EndProject
Global
	GlobalSection(SolutionConfigurationPlatforms) = preSolution
		Debug|x64 = Debug|x64
		Release|x64 = Release|x64
	EndGlobalSection
	GlobalSection(ProjectConfigurationPlatforms) = postSolution
		{5B54B9A8-1B75-49D1-9C30-F6BD4CABF5B8}.Debug|x64.ActiveCfg = Debug|x64
		{5B54B9A8-1B75-49D1-9C30-F6BD4CABF5B8}.Debug|x64.Build.0 = Debug|x64
		{5B54B9A8-1B75-49D1-9C30-F6BD4CABF5B8}.Release|x64.ActiveCfg = Release|x64
		{5B54B9A8-1B75-49D1-9C30-F6BD4CABF5B8}.Release|x64.Build.0 = Release|x64
	EndGlobalSection
	GlobalSection(SolutionProperties) = preSolution
		HideSolutionNode = FALSE
	EndGlobalSection
	GlobalSection(ExtensibilityGlobals) = postSolution
		SolutionGuid = {2A380F6F-2F36-4352-B378-CAD577D7A82F}
	EndGlobalSection
EndGlobal
